
Microsoft Visual Studio Solution File, Format Version 12.00
# Visual Studio Version 17
VisualStudioVersion = 17.2.32630.192
MinimumVisualStudioVersion = 10.0.40219.1
Project("{888888A0-9F3D-457C-B088-3A5042F75D52}") = "BicycleOS1.1", "BicycleOS1.1.pyproj", "{CEE8D464-F053-41FE-B638-3814C77710B4}"
EndProject
Global
	GlobalSection(SolutionConfigurationPlatforms) = preSolution
		Debug|Any CPU = Debug|Any CPU
		Release|Any CPU = Release|Any CPU
	EndGlobalSection
	GlobalSection(ProjectConfigurationPlatforms) = postSolution
		{CEE8D464-F053-41FE-B638-3814C77710B4}.Debug|Any CPU.ActiveCfg = Debug|Any CPU
		{CEE8D464-F053-41FE-B638-3814C77710B4}.Release|Any CPU.ActiveCfg = Release|Any CPU
	EndGlobalSection
	GlobalSection(SolutionProperties) = preSolution
		HideSolutionNode = FALSE
	EndGlobalSection
	GlobalSection(ExtensibilityGlobals) = postSolution
		SolutionGuid = {73CA4631-BEC4-41E1-BF9D-510772AD4CCB}
	EndGlobalSection
EndGlobal
